
Microsoft Visual Studio Solution File, Format Version 11.00
# Visual C# Express 2010
Project("{FAE04EC0-301F-11D3-BF4B-00C04F79EFBC}") = "RollTheDice", "RollTheDice\RollTheDice.csproj", "{25346CDE-3A44-4D48-860D-038E885EFBCC}"
EndProject
Global
	GlobalSection(SolutionConfigurationPlatforms) = preSolution
		Debug|Any CPU = Debug|Any CPU
		Release|Any CPU = Release|Any CPU
	EndGlobalSection
	GlobalSection(ProjectConfigurationPlatforms) = postSolution
		{25346CDE-3A44-4D48-860D-038E885EFBCC}.Debug|Any CPU.ActiveCfg = Debug|Any CPU
		{25346CDE-3A44-4D48-860D-038E885EFBCC}.Debug|Any CPU.Build.0 = Debug|Any CPU
		{25346CDE-3A44-4D48-860D-038E885EFBCC}.Release|Any CPU.ActiveCfg = Release|Any CPU
		{25346CDE-3A44-4D48-860D-038E885EFBCC}.Release|Any CPU.Build.0 = Release|Any CPU
	EndGlobalSection
	GlobalSection(SolutionProperties) = preSolution
		HideSolutionNode = FALSE
	EndGlobalSection
EndGlobal
